
Microsoft Visual Studio Solution File, Format Version 12.00
# Visual Studio Version 16
VisualStudioVersion = 16.0.30804.86
MinimumVisualStudioVersion = 10.0.40219.1
Project("{FAE04EC0-301F-11D3-BF4B-00C04F79EFBC}") = "AlignGalleryCore", "AlignGalleryCore\AlignGalleryCore.csproj", "{3AF63F96-F7D3-4AF4-A574-249936CC296B}"
EndProject
Project("{FAE04EC0-301F-11D3-BF4B-00C04F79EFBC}") = "Cache", "Cache\Cache.csproj", "{3A7714DE-8D39-4010-8D35-A162EE4145FA}"
EndProject
Project("{FAE04EC0-301F-11D3-BF4B-00C04F79EFBC}") = "Shared", "Shared\Shared.csproj", "{5F1032FA-A87E-4C4B-B80A-A6B06307D95C}"
EndProject
Global
	GlobalSection(SolutionConfigurationPlatforms) = preSolution
		Debug|Any CPU = Debug|Any CPU
		Release|Any CPU = Release|Any CPU
	EndGlobalSection
	GlobalSection(ProjectConfigurationPlatforms) = postSolution
		{3AF63F96-F7D3-4AF4-A574-249936CC296B}.Debug|Any CPU.ActiveCfg = Debug|Any CPU
		{3AF63F96-F7D3-4AF4-A574-249936CC296B}.Debug|Any CPU.Build.0 = Debug|Any CPU
		{3AF63F96-F7D3-4AF4-A574-249936CC296B}.Release|Any CPU.ActiveCfg = Release|Any CPU
		{3AF63F96-F7D3-4AF4-A574-249936CC296B}.Release|Any CPU.Build.0 = Release|Any CPU
		{3A7714DE-8D39-4010-8D35-A162EE4145FA}.Debug|Any CPU.ActiveCfg = Debug|Any CPU
		{3A7714DE-8D39-4010-8D35-A162EE4145FA}.Debug|Any CPU.Build.0 = Debug|Any CPU
		{3A7714DE-8D39-4010-8D35-A162EE4145FA}.Release|Any CPU.ActiveCfg = Release|Any CPU
		{3A7714DE-8D39-4010-8D35-A162EE4145FA}.Release|Any CPU.Build.0 = Release|Any CPU
		{5F1032FA-A87E-4C4B-B80A-A6B06307D95C}.Debug|Any CPU.ActiveCfg = Debug|Any CPU
		{5F1032FA-A87E-4C4B-B80A-A6B06307D95C}.Debug|Any CPU.Build.0 = Debug|Any CPU
		{5F1032FA-A87E-4C4B-B80A-A6B06307D95C}.Release|Any CPU.ActiveCfg = Release|Any CPU
		{5F1032FA-A87E-4C4B-B80A-A6B06307D95C}.Release|Any CPU.Build.0 = Release|Any CPU
	EndGlobalSection
	GlobalSection(SolutionProperties) = preSolution
		HideSolutionNode = FALSE
	EndGlobalSection
	GlobalSection(ExtensibilityGlobals) = postSolution
		SolutionGuid = {26D85952-9217-453D-90FC-771542D606D2}
	EndGlobalSection
EndGlobal
